{
  "version": 4,
  "terraform_version": "1.5.4",
  "serial": 50,
  "lineage": "400f214f-0f2d-dba7-2b6c-4db93689405f",
  "outputs": {},
  "resources": [
    {
      "module": "module.environments[\"dev\"]",
      "mode": "managed",
      "type": "local_file",
      "name": "initialization_script",
      "provider": "provider[\"registry.terraform.io/hashicorp/local\"]",
      "instances": [
        {
          "schema_version": 0,
          "attributes": {
            "content": "#!/bin/bash\n# The content of this file is managed by Terraform. If you modify it, it may\n# be reverted the next time Terraform runs. If you want to make changes, do it\n# in ../management/bootstrap/templates.\n\nset -e\nterraform init \\\n  --backend-config=../shared/config/backend.tfvars \\\n  --backend-config=key=terraform.tfstate.\"$(basename \"$(pwd)\")\"\n",
            "content_base64": null,
            "content_base64sha256": "d8QUXVpaeovu741AU1Tsy80TDQYtbVUMpA1Uun5TGqY=",
            "content_base64sha512": "nKtMwGvYxWByZE7QKxLW89aM81KXqjmXaaBfADglG+MWZVCGtEHMMdPq4ynnR7sdSYpJ6LCZIr5yjEcG6I+JZg==",
            "content_md5": "16c46966f2d5dadadda061c462908f07",
            "content_sha1": "7b1abf560ede834eddc689720672f88564b5bb14",
            "content_sha256": "77c4145d5a5a7a8beeef8d405354eccbcd130d062d6d550ca40d54ba7e531aa6",
            "content_sha512": "9cab4cc06bd8c56072644ed02b12d6f3d68cf35297aa399769a05f0038251be316655086b441cc31d3eae329e747bb1d498a49e8b09922be728c4706e88f8966",
            "directory_permission": "0777",
            "file_permission": "0755",
            "filename": "./../dev/init.sh",
            "id": "7b1abf560ede834eddc689720672f88564b5bb14",
            "sensitive_content": null,
            "source": null
          },
          "sensitive_attributes": []
        }
      ]
    },
    {
      "module": "module.environments[\"dev\"]",
      "mode": "managed",
      "type": "local_file",
      "name": "main-tf",
      "provider": "provider[\"registry.terraform.io/hashicorp/local\"]",
      "instances": [
        {
          "schema_version": 0,
          "attributes": {
            "content": "# The content of this file is managed by Terraform. If you modify it, it may\n# be reverted the next time Terraform runs. If you want to make changes, do it\n# in ../management/bootstrap/templates.\n\nmodule \"dev\" {\n  source        = \"../shared/modules/env\"\n  cf_space_name = \"dev\"\n}\n",
            "content_base64": null,
            "content_base64sha256": "4HPSHOmJ/tNDjNm8dZRGhDx2uvQA8JW6LfEKp9yR1ss=",
            "content_base64sha512": "R/n+FzKVLEuf0Ntw+V0bsSkWedd+hRhL5TLIekXehuTTdPxZogWLriiPjBzlafmJG3nG94q6vHNd6HvIr+IbPA==",
            "content_md5": "f06ddb962236d0299d31fa3ae6b322a9",
            "content_sha1": "b181a27d32d80438f8285cf92bb768ef838e2fbf",
            "content_sha256": "e073d21ce989fed3438cd9bc759446843c76baf400f095ba2df10aa7dc91d6cb",
            "content_sha512": "47f9fe1732952c4b9fd0db70f95d1bb1291679d77e85184be532c87a45de86e4d374fc59a2058bae288f8c1ce569f9891b79c6f78ababc735de87bc8afe21b3c",
            "directory_permission": "0777",
            "file_permission": "0644",
            "filename": "./../dev/dev.tf-example",
            "id": "b181a27d32d80438f8285cf92bb768ef838e2fbf",
            "sensitive_content": null,
            "source": null
          },
          "sensitive_attributes": []
        }
      ]
    },
    {
      "module": "module.environments[\"dev\"]",
      "mode": "managed",
      "type": "local_file",
      "name": "plan_script",
      "provider": "provider[\"registry.terraform.io/hashicorp/local\"]",
      "instances": [
        {
          "schema_version": 0,
          "attributes": {
            "content": "#!/bin/bash\n# The content of this file is managed by Terraform. If you modify it, it may\n# be reverted the next time Terraform runs. If you want to make changes, do it\n# in ../management/bootstrap/templates.\n\nset -e\nterraform plan \\\n  -var-file=\"../shared/config/\"$(basename \"$(pwd)\")\".tfvars\" \\\n  -out \"$(basename \"$(pwd)\")\".tfplan\n",
            "content_base64": null,
            "content_base64sha256": "WVcv0eSG+0bX8YGrEXmSAqxvgCzbQLb0kHTi/nPLlRs=",
            "content_base64sha512": "/2TyRAmRAiS+nX5QyAVZmQ651HW7eaGeroY/0bE2RFhQqQNFXNDumvYr7dofr+h15/PHd5Bzc0tO7ZhfyG0TzA==",
            "content_md5": "1ec5fd19354dcb2cee6bd74987fc6a8e",
            "content_sha1": "1647963324199bc2e20182f2a0f4fe096ae7c240",
            "content_sha256": "59572fd1e486fb46d7f181ab11799202ac6f802cdb40b6f49074e2fe73cb951b",
            "content_sha512": "ff64f24409910224be9d7e50c80559990eb9d475bb79a19eae863fd1b136445850a903455cd0ee9af62bedda1fafe875e7f3c7779073734b4eed985fc86d13cc",
            "directory_permission": "0777",
            "file_permission": "0755",
            "filename": "./../dev/plan.sh",
            "id": "1647963324199bc2e20182f2a0f4fe096ae7c240",
            "sensitive_content": null,
            "source": null
          },
          "sensitive_attributes": []
        }
      ]
    },
    {
      "module": "module.environments[\"dev\"]",
      "mode": "managed",
      "type": "local_file",
      "name": "providers-tf",
      "provider": "provider[\"registry.terraform.io/hashicorp/local\"]",
      "instances": [
        {
          "schema_version": 0,
          "attributes": {
            "content": "# The content of this file is managed by Terraform. If you modify it, it may\n# be reverted the next time Terraform runs. If you want to make changes, do it\n# in ../management/bootstrap/templates.\n\nterraform {\n  required_version = \"~\u003e 1.0\"\n  required_providers {\n    azurerm = {\n      source = \"hashicorp/azurerm\"\n      version = \"\u003e=4.27.0\"\n    }\n  }\n\n  backend \"azurerm\" {\n    # The rest of the backend parameters must be supplied when you initialize:\n    #   terraform init --backend-config=../shared/config/backend.tfvars \\\n    #    --backend-config=key=terraform.tfstate.$(basename $(pwd))\n    # access_key           = \"abcdefghijklmnopqrstuvwxyz0123456789...\"  # Can also be set via `ARM_ACCESS_KEY` environment variable.\n    # storage_account_name = \"abcd1234\"                                 # Can be passed via `-backend-config=`\"storage_account_name=\u003cstorage account name\u003e\"` in the `init` command.\n    # container_name       = \"tfstate\"                                  # Can be passed via `-backend-config=`\"container_name=\u003ccontainer name\u003e\"` in the `init` command.\n    # key                  = \"prod.terraform.tfstate\"                   # Can be passed via `-backend-config=`\"key=\u003cblob key name\u003e\"` in the `init` command.\n    #\n    # For more info, see:\n    # https://developer.hashicorp.com/terraform/language/backend#partial-configuration\n    encrypt = \"true\"\n  }\n}\n\nprovider \"azurerm\" {\n  subscription_id = var.subscription_id\n}\n",
            "content_base64": null,
            "content_base64sha256": "Es1wxR6mBxuGLYgHzA6T1Y0AMqsajU+nrrQo3l7y+mU=",
            "content_base64sha512": "1TaQGxC2+VH4hzrRmuofN247gzb9KFmifT8YKHWjvR/HuIwBz6noTunDHyz0Oh5qx+6076qlXsQ7CK4/KzO9aA==",
            "content_md5": "f3e91196b61e80ab730de10031df3aaf",
            "content_sha1": "7903889a7f60a6d7b5d181f5c6dfec29e9031ac0",
            "content_sha256": "12cd70c51ea6071b862d8807cc0e93d58d0032ab1a8d4fa7aeb428de5ef2fa65",
            "content_sha512": "d536901b10b6f951f8873ad19aea1f376e3b8336fd2859a27d3f182875a3bd1fc7b88c01cfa9e84ee9c31f2cf43a1e6ac7eeb4efaaa55ec43b08ae3f2b33bd68",
            "directory_permission": "0777",
            "file_permission": "0644",
            "filename": "./../dev/providers-managed.tf",
            "id": "7903889a7f60a6d7b5d181f5c6dfec29e9031ac0",
            "sensitive_content": null,
            "source": null
          },
          "sensitive_attributes": []
        }
      ]
    },
    {
      "module": "module.environments[\"dev\"]",
      "mode": "managed",
      "type": "local_file",
      "name": "variables-tf",
      "provider": "provider[\"registry.terraform.io/hashicorp/local\"]",
      "instances": [
        {
          "schema_version": 0,
          "attributes": {
            "content": "# The content of this file is managed by Terraform. If you modify it, it may\n# be reverted the next time Terraform runs. If you want to make changes, do it\n# in ../management/bootstrap/templates.\n\nvariable \"subscription_id\" {\n  type        = string\n  description = \"secret; cloud.gov deployer account password\"\n  sensitive   = true\n}\n",
            "content_base64": null,
            "content_base64sha256": "DZXXTS+HfecqfQbTvbjIqY2Dcj0Eck6oso5RKFVrfcY=",
            "content_base64sha512": "JhTdiPE3ycEdBJ+txVWK3qp/r3ynCR9nupxih1mHEmXcLa93oAK/78tCHNNp/frJsVckZhg3V5Z5x5Hj7Zix7w==",
            "content_md5": "1bea1000fb723a68a01d0644be4a7cde",
            "content_sha1": "68ab3b51f2b2b9045cb5552e9c6e58a84d5dab98",
            "content_sha256": "0d95d74d2f877de72a7d06d3bdb8c8a98d83723d04724ea8b28e5128556b7dc6",
            "content_sha512": "2614dd88f137c9c11d049fadc5558adeaa7faf7ca7091f67ba9c628759871265dc2daf77a002bfefcb421cd369fdfac9b15724661837579679c791e3ed98b1ef",
            "directory_permission": "0777",
            "file_permission": "0644",
            "filename": "./../dev/variables-managed.tf",
            "id": "68ab3b51f2b2b9045cb5552e9c6e58a84d5dab98",
            "sensitive_content": null,
            "source": null
          },
          "sensitive_attributes": []
        }
      ]
    },
    {
      "module": "module.environments[\"preview\"]",
      "mode": "managed",
      "type": "local_file",
      "name": "initialization_script",
      "provider": "provider[\"registry.terraform.io/hashicorp/local\"]",
      "instances": [
        {
          "schema_version": 0,
          "attributes": {
            "content": "#!/bin/bash\n# The content of this file is managed by Terraform. If you modify it, it may\n# be reverted the next time Terraform runs. If you want to make changes, do it\n# in ../management/bootstrap/templates.\n\nset -e\nterraform init \\\n  --backend-config=../shared/config/backend.tfvars \\\n  --backend-config=key=terraform.tfstate.\"$(basename \"$(pwd)\")\"\n",
            "content_base64": null,
            "content_base64sha256": "d8QUXVpaeovu741AU1Tsy80TDQYtbVUMpA1Uun5TGqY=",
            "content_base64sha512": "nKtMwGvYxWByZE7QKxLW89aM81KXqjmXaaBfADglG+MWZVCGtEHMMdPq4ynnR7sdSYpJ6LCZIr5yjEcG6I+JZg==",
            "content_md5": "16c46966f2d5dadadda061c462908f07",
            "content_sha1": "7b1abf560ede834eddc689720672f88564b5bb14",
            "content_sha256": "77c4145d5a5a7a8beeef8d405354eccbcd130d062d6d550ca40d54ba7e531aa6",
            "content_sha512": "9cab4cc06bd8c56072644ed02b12d6f3d68cf35297aa399769a05f0038251be316655086b441cc31d3eae329e747bb1d498a49e8b09922be728c4706e88f8966",
            "directory_permission": "0777",
            "file_permission": "0755",
            "filename": "./../preview/init.sh",
            "id": "7b1abf560ede834eddc689720672f88564b5bb14",
            "sensitive_content": null,
            "source": null
          },
          "sensitive_attributes": []
        }
      ]
    },
    {
      "module": "module.environments[\"preview\"]",
      "mode": "managed",
      "type": "local_file",
      "name": "main-tf",
      "provider": "provider[\"registry.terraform.io/hashicorp/local\"]",
      "instances": [
        {
          "schema_version": 0,
          "attributes": {
            "content": "# The content of this file is managed by Terraform. If you modify it, it may\n# be reverted the next time Terraform runs. If you want to make changes, do it\n# in ../management/bootstrap/templates.\n\nmodule \"preview\" {\n  source        = \"../shared/modules/env\"\n  cf_space_name = \"preview\"\n}\n",
            "content_base64": null,
            "content_base64sha256": "mJ1nxKmvWqBFWjrAD+MlDxgsIi63zsq6jTVU9kY3lNI=",
            "content_base64sha512": "qt2J4kEb8gooqHxXPuoaucC+3wVoe1w6f1GpqqDg33Q2xfIBxFGtDN75AeiAsUSPfKUTqiG3SEPvIGwRljHfVQ==",
            "content_md5": "4d00b61827967efcea145f26295eb873",
            "content_sha1": "d6487ed4281a5931222ecc2c70ddfbbf342f9963",
            "content_sha256": "989d67c4a9af5aa0455a3ac00fe3250f182c222eb7cecaba8d3554f6463794d2",
            "content_sha512": "aadd89e2411bf20a28a87c573eea1ab9c0bedf05687b5c3a7f51a9aaa0e0df7436c5f201c451ad0cdef901e880b1448f7ca513aa21b74843ef206c119631df55",
            "directory_permission": "0777",
            "file_permission": "0644",
            "filename": "./../preview/preview.tf-example",
            "id": "d6487ed4281a5931222ecc2c70ddfbbf342f9963",
            "sensitive_content": null,
            "source": null
          },
          "sensitive_attributes": []
        }
      ]
    },
    {
      "module": "module.environments[\"preview\"]",
      "mode": "managed",
      "type": "local_file",
      "name": "plan_script",
      "provider": "provider[\"registry.terraform.io/hashicorp/local\"]",
      "instances": [
        {
          "schema_version": 0,
          "attributes": {
            "content": "#!/bin/bash\n# The content of this file is managed by Terraform. If you modify it, it may\n# be reverted the next time Terraform runs. If you want to make changes, do it\n# in ../management/bootstrap/templates.\n\nset -e\nterraform plan \\\n  -var-file=\"../shared/config/\"$(basename \"$(pwd)\")\".tfvars\" \\\n  -out \"$(basename \"$(pwd)\")\".tfplan\n",
            "content_base64": null,
            "content_base64sha256": "WVcv0eSG+0bX8YGrEXmSAqxvgCzbQLb0kHTi/nPLlRs=",
            "content_base64sha512": "/2TyRAmRAiS+nX5QyAVZmQ651HW7eaGeroY/0bE2RFhQqQNFXNDumvYr7dofr+h15/PHd5Bzc0tO7ZhfyG0TzA==",
            "content_md5": "1ec5fd19354dcb2cee6bd74987fc6a8e",
            "content_sha1": "1647963324199bc2e20182f2a0f4fe096ae7c240",
            "content_sha256": "59572fd1e486fb46d7f181ab11799202ac6f802cdb40b6f49074e2fe73cb951b",
            "content_sha512": "ff64f24409910224be9d7e50c80559990eb9d475bb79a19eae863fd1b136445850a903455cd0ee9af62bedda1fafe875e7f3c7779073734b4eed985fc86d13cc",
            "directory_permission": "0777",
            "file_permission": "0755",
            "filename": "./../preview/plan.sh",
            "id": "1647963324199bc2e20182f2a0f4fe096ae7c240",
            "sensitive_content": null,
            "source": null
          },
          "sensitive_attributes": []
        }
      ]
    },
    {
      "module": "module.environments[\"preview\"]",
      "mode": "managed",
      "type": "local_file",
      "name": "providers-tf",
      "provider": "provider[\"registry.terraform.io/hashicorp/local\"]",
      "instances": [
        {
          "schema_version": 0,
          "attributes": {
            "content": "# The content of this file is managed by Terraform. If you modify it, it may\n# be reverted the next time Terraform runs. If you want to make changes, do it\n# in ../management/bootstrap/templates.\n\nterraform {\n  required_version = \"~\u003e 1.0\"\n  required_providers {\n    azurerm = {\n      source = \"hashicorp/azurerm\"\n      version = \"\u003e=4.27.0\"\n    }\n  }\n\n  backend \"azurerm\" {\n    # The rest of the backend parameters must be supplied when you initialize:\n    #   terraform init --backend-config=../shared/config/backend.tfvars \\\n    #    --backend-config=key=terraform.tfstate.$(basename $(pwd))\n    # access_key           = \"abcdefghijklmnopqrstuvwxyz0123456789...\"  # Can also be set via `ARM_ACCESS_KEY` environment variable.\n    # storage_account_name = \"abcd1234\"                                 # Can be passed via `-backend-config=`\"storage_account_name=\u003cstorage account name\u003e\"` in the `init` command.\n    # container_name       = \"tfstate\"                                  # Can be passed via `-backend-config=`\"container_name=\u003ccontainer name\u003e\"` in the `init` command.\n    # key                  = \"prod.terraform.tfstate\"                   # Can be passed via `-backend-config=`\"key=\u003cblob key name\u003e\"` in the `init` command.\n    #\n    # For more info, see:\n    # https://developer.hashicorp.com/terraform/language/backend#partial-configuration\n    encrypt = \"true\"\n  }\n}\n\nprovider \"azurerm\" {\n  subscription_id = var.subscription_id\n}\n",
            "content_base64": null,
            "content_base64sha256": "Es1wxR6mBxuGLYgHzA6T1Y0AMqsajU+nrrQo3l7y+mU=",
            "content_base64sha512": "1TaQGxC2+VH4hzrRmuofN247gzb9KFmifT8YKHWjvR/HuIwBz6noTunDHyz0Oh5qx+6076qlXsQ7CK4/KzO9aA==",
            "content_md5": "f3e91196b61e80ab730de10031df3aaf",
            "content_sha1": "7903889a7f60a6d7b5d181f5c6dfec29e9031ac0",
            "content_sha256": "12cd70c51ea6071b862d8807cc0e93d58d0032ab1a8d4fa7aeb428de5ef2fa65",
            "content_sha512": "d536901b10b6f951f8873ad19aea1f376e3b8336fd2859a27d3f182875a3bd1fc7b88c01cfa9e84ee9c31f2cf43a1e6ac7eeb4efaaa55ec43b08ae3f2b33bd68",
            "directory_permission": "0777",
            "file_permission": "0644",
            "filename": "./../preview/providers-managed.tf",
            "id": "7903889a7f60a6d7b5d181f5c6dfec29e9031ac0",
            "sensitive_content": null,
            "source": null
          },
          "sensitive_attributes": []
        }
      ]
    },
    {
      "module": "module.environments[\"preview\"]",
      "mode": "managed",
      "type": "local_file",
      "name": "variables-tf",
      "provider": "provider[\"registry.terraform.io/hashicorp/local\"]",
      "instances": [
        {
          "schema_version": 0,
          "attributes": {
            "content": "# The content of this file is managed by Terraform. If you modify it, it may\n# be reverted the next time Terraform runs. If you want to make changes, do it\n# in ../management/bootstrap/templates.\n\nvariable \"subscription_id\" {\n  type        = string\n  description = \"secret; cloud.gov deployer account password\"\n  sensitive   = true\n}\n",
            "content_base64": null,
            "content_base64sha256": "DZXXTS+HfecqfQbTvbjIqY2Dcj0Eck6oso5RKFVrfcY=",
            "content_base64sha512": "JhTdiPE3ycEdBJ+txVWK3qp/r3ynCR9nupxih1mHEmXcLa93oAK/78tCHNNp/frJsVckZhg3V5Z5x5Hj7Zix7w==",
            "content_md5": "1bea1000fb723a68a01d0644be4a7cde",
            "content_sha1": "68ab3b51f2b2b9045cb5552e9c6e58a84d5dab98",
            "content_sha256": "0d95d74d2f877de72a7d06d3bdb8c8a98d83723d04724ea8b28e5128556b7dc6",
            "content_sha512": "2614dd88f137c9c11d049fadc5558adeaa7faf7ca7091f67ba9c628759871265dc2daf77a002bfefcb421cd369fdfac9b15724661837579679c791e3ed98b1ef",
            "directory_permission": "0777",
            "file_permission": "0644",
            "filename": "./../preview/variables-managed.tf",
            "id": "68ab3b51f2b2b9045cb5552e9c6e58a84d5dab98",
            "sensitive_content": null,
            "source": null
          },
          "sensitive_attributes": []
        }
      ]
    },
    {
      "module": "module.environments[\"production\"]",
      "mode": "managed",
      "type": "local_file",
      "name": "initialization_script",
      "provider": "provider[\"registry.terraform.io/hashicorp/local\"]",
      "instances": [
        {
          "schema_version": 0,
          "attributes": {
            "content": "#!/bin/bash\n# The content of this file is managed by Terraform. If you modify it, it may\n# be reverted the next time Terraform runs. If you want to make changes, do it\n# in ../management/bootstrap/templates.\n\nset -e\nterraform init \\\n  --backend-config=../shared/config/backend.tfvars \\\n  --backend-config=key=terraform.tfstate.\"$(basename \"$(pwd)\")\"\n",
            "content_base64": null,
            "content_base64sha256": "d8QUXVpaeovu741AU1Tsy80TDQYtbVUMpA1Uun5TGqY=",
            "content_base64sha512": "nKtMwGvYxWByZE7QKxLW89aM81KXqjmXaaBfADglG+MWZVCGtEHMMdPq4ynnR7sdSYpJ6LCZIr5yjEcG6I+JZg==",
            "content_md5": "16c46966f2d5dadadda061c462908f07",
            "content_sha1": "7b1abf560ede834eddc689720672f88564b5bb14",
            "content_sha256": "77c4145d5a5a7a8beeef8d405354eccbcd130d062d6d550ca40d54ba7e531aa6",
            "content_sha512": "9cab4cc06bd8c56072644ed02b12d6f3d68cf35297aa399769a05f0038251be316655086b441cc31d3eae329e747bb1d498a49e8b09922be728c4706e88f8966",
            "directory_permission": "0777",
            "file_permission": "0755",
            "filename": "./../production/init.sh",
            "id": "7b1abf560ede834eddc689720672f88564b5bb14",
            "sensitive_content": null,
            "source": null
          },
          "sensitive_attributes": []
        }
      ]
    },
    {
      "module": "module.environments[\"production\"]",
      "mode": "managed",
      "type": "local_file",
      "name": "main-tf",
      "provider": "provider[\"registry.terraform.io/hashicorp/local\"]",
      "instances": [
        {
          "schema_version": 0,
          "attributes": {
            "content": "# The content of this file is managed by Terraform. If you modify it, it may\n# be reverted the next time Terraform runs. If you want to make changes, do it\n# in ../management/bootstrap/templates.\n\nmodule \"production\" {\n  source        = \"../shared/modules/env\"\n  cf_space_name = \"production\"\n}\n",
            "content_base64": null,
            "content_base64sha256": "kFs9tzLl1eKbHApbYaZJKwlTgVNvuk1qVloDVd+R5jQ=",
            "content_base64sha512": "DoyrBz7N0DvvjPUYfY15sO73JSrVvQ86hTJ9RRzEk1AOU4iIkA7+MQnb+D7h6iaa9Gj81XMkLUwK9dk9TEt/RA==",
            "content_md5": "c35eee476bb2b76c9f7e39dcd4a0292f",
            "content_sha1": "a0804fcaab3f5c51e379757d1adc49e727893a07",
            "content_sha256": "905b3db732e5d5e29b1c0a5b61a6492b095381536fba4d6a565a0355df91e634",
            "content_sha512": "0e8cab073ecdd03bef8cf5187d8d79b0eef7252ad5bd0f3a85327d451cc493500e538888900efe3109dbf83ee1ea269af468fcd573242d4c0af5d93d4c4b7f44",
            "directory_permission": "0777",
            "file_permission": "0644",
            "filename": "./../production/production.tf-example",
            "id": "a0804fcaab3f5c51e379757d1adc49e727893a07",
            "sensitive_content": null,
            "source": null
          },
          "sensitive_attributes": []
        }
      ]
    },
    {
      "module": "module.environments[\"production\"]",
      "mode": "managed",
      "type": "local_file",
      "name": "plan_script",
      "provider": "provider[\"registry.terraform.io/hashicorp/local\"]",
      "instances": [
        {
          "schema_version": 0,
          "attributes": {
            "content": "#!/bin/bash\n# The content of this file is managed by Terraform. If you modify it, it may\n# be reverted the next time Terraform runs. If you want to make changes, do it\n# in ../management/bootstrap/templates.\n\nset -e\nterraform plan \\\n  -var-file=\"../shared/config/\"$(basename \"$(pwd)\")\".tfvars\" \\\n  -out \"$(basename \"$(pwd)\")\".tfplan\n",
            "content_base64": null,
            "content_base64sha256": "WVcv0eSG+0bX8YGrEXmSAqxvgCzbQLb0kHTi/nPLlRs=",
            "content_base64sha512": "/2TyRAmRAiS+nX5QyAVZmQ651HW7eaGeroY/0bE2RFhQqQNFXNDumvYr7dofr+h15/PHd5Bzc0tO7ZhfyG0TzA==",
            "content_md5": "1ec5fd19354dcb2cee6bd74987fc6a8e",
            "content_sha1": "1647963324199bc2e20182f2a0f4fe096ae7c240",
            "content_sha256": "59572fd1e486fb46d7f181ab11799202ac6f802cdb40b6f49074e2fe73cb951b",
            "content_sha512": "ff64f24409910224be9d7e50c80559990eb9d475bb79a19eae863fd1b136445850a903455cd0ee9af62bedda1fafe875e7f3c7779073734b4eed985fc86d13cc",
            "directory_permission": "0777",
            "file_permission": "0755",
            "filename": "./../production/plan.sh",
            "id": "1647963324199bc2e20182f2a0f4fe096ae7c240",
            "sensitive_content": null,
            "source": null
          },
          "sensitive_attributes": []
        }
      ]
    },
    {
      "module": "module.environments[\"production\"]",
      "mode": "managed",
      "type": "local_file",
      "name": "providers-tf",
      "provider": "provider[\"registry.terraform.io/hashicorp/local\"]",
      "instances": [
        {
          "schema_version": 0,
          "attributes": {
            "content": "# The content of this file is managed by Terraform. If you modify it, it may\n# be reverted the next time Terraform runs. If you want to make changes, do it\n# in ../management/bootstrap/templates.\n\nterraform {\n  required_version = \"~\u003e 1.0\"\n  required_providers {\n    azurerm = {\n      source = \"hashicorp/azurerm\"\n      version = \"\u003e=4.27.0\"\n    }\n  }\n\n  backend \"azurerm\" {\n    # The rest of the backend parameters must be supplied when you initialize:\n    #   terraform init --backend-config=../shared/config/backend.tfvars \\\n    #    --backend-config=key=terraform.tfstate.$(basename $(pwd))\n    # access_key           = \"abcdefghijklmnopqrstuvwxyz0123456789...\"  # Can also be set via `ARM_ACCESS_KEY` environment variable.\n    # storage_account_name = \"abcd1234\"                                 # Can be passed via `-backend-config=`\"storage_account_name=\u003cstorage account name\u003e\"` in the `init` command.\n    # container_name       = \"tfstate\"                                  # Can be passed via `-backend-config=`\"container_name=\u003ccontainer name\u003e\"` in the `init` command.\n    # key                  = \"prod.terraform.tfstate\"                   # Can be passed via `-backend-config=`\"key=\u003cblob key name\u003e\"` in the `init` command.\n    #\n    # For more info, see:\n    # https://developer.hashicorp.com/terraform/language/backend#partial-configuration\n    encrypt = \"true\"\n  }\n}\n\nprovider \"azurerm\" {\n  subscription_id = var.subscription_id\n}\n",
            "content_base64": null,
            "content_base64sha256": "Es1wxR6mBxuGLYgHzA6T1Y0AMqsajU+nrrQo3l7y+mU=",
            "content_base64sha512": "1TaQGxC2+VH4hzrRmuofN247gzb9KFmifT8YKHWjvR/HuIwBz6noTunDHyz0Oh5qx+6076qlXsQ7CK4/KzO9aA==",
            "content_md5": "f3e91196b61e80ab730de10031df3aaf",
            "content_sha1": "7903889a7f60a6d7b5d181f5c6dfec29e9031ac0",
            "content_sha256": "12cd70c51ea6071b862d8807cc0e93d58d0032ab1a8d4fa7aeb428de5ef2fa65",
            "content_sha512": "d536901b10b6f951f8873ad19aea1f376e3b8336fd2859a27d3f182875a3bd1fc7b88c01cfa9e84ee9c31f2cf43a1e6ac7eeb4efaaa55ec43b08ae3f2b33bd68",
            "directory_permission": "0777",
            "file_permission": "0644",
            "filename": "./../production/providers-managed.tf",
            "id": "7903889a7f60a6d7b5d181f5c6dfec29e9031ac0",
            "sensitive_content": null,
            "source": null
          },
          "sensitive_attributes": []
        }
      ]
    },
    {
      "module": "module.environments[\"production\"]",
      "mode": "managed",
      "type": "local_file",
      "name": "variables-tf",
      "provider": "provider[\"registry.terraform.io/hashicorp/local\"]",
      "instances": [
        {
          "schema_version": 0,
          "attributes": {
            "content": "# The content of this file is managed by Terraform. If you modify it, it may\n# be reverted the next time Terraform runs. If you want to make changes, do it\n# in ../management/bootstrap/templates.\n\nvariable \"subscription_id\" {\n  type        = string\n  description = \"secret; cloud.gov deployer account password\"\n  sensitive   = true\n}\n",
            "content_base64": null,
            "content_base64sha256": "DZXXTS+HfecqfQbTvbjIqY2Dcj0Eck6oso5RKFVrfcY=",
            "content_base64sha512": "JhTdiPE3ycEdBJ+txVWK3qp/r3ynCR9nupxih1mHEmXcLa93oAK/78tCHNNp/frJsVckZhg3V5Z5x5Hj7Zix7w==",
            "content_md5": "1bea1000fb723a68a01d0644be4a7cde",
            "content_sha1": "68ab3b51f2b2b9045cb5552e9c6e58a84d5dab98",
            "content_sha256": "0d95d74d2f877de72a7d06d3bdb8c8a98d83723d04724ea8b28e5128556b7dc6",
            "content_sha512": "2614dd88f137c9c11d049fadc5558adeaa7faf7ca7091f67ba9c628759871265dc2daf77a002bfefcb421cd369fdfac9b15724661837579679c791e3ed98b1ef",
            "directory_permission": "0777",
            "file_permission": "0644",
            "filename": "./../production/variables-managed.tf",
            "id": "68ab3b51f2b2b9045cb5552e9c6e58a84d5dab98",
            "sensitive_content": null,
            "source": null
          },
          "sensitive_attributes": []
        }
      ]
    },
    {
      "module": "module.environments[\"sandbox\"]",
      "mode": "managed",
      "type": "local_file",
      "name": "initialization_script",
      "provider": "provider[\"registry.terraform.io/hashicorp/local\"]",
      "instances": [
        {
          "schema_version": 0,
          "attributes": {
            "content": "#!/bin/bash\n# The content of this file is managed by Terraform. If you modify it, it may\n# be reverted the next time Terraform runs. If you want to make changes, do it\n# in ../management/bootstrap/templates.\n\nset -e\nterraform init \\\n  --backend-config=../shared/config/backend.tfvars \\\n  --backend-config=key=terraform.tfstate.\"$(basename \"$(pwd)\")\"\n",
            "content_base64": null,
            "content_base64sha256": "d8QUXVpaeovu741AU1Tsy80TDQYtbVUMpA1Uun5TGqY=",
            "content_base64sha512": "nKtMwGvYxWByZE7QKxLW89aM81KXqjmXaaBfADglG+MWZVCGtEHMMdPq4ynnR7sdSYpJ6LCZIr5yjEcG6I+JZg==",
            "content_md5": "16c46966f2d5dadadda061c462908f07",
            "content_sha1": "7b1abf560ede834eddc689720672f88564b5bb14",
            "content_sha256": "77c4145d5a5a7a8beeef8d405354eccbcd130d062d6d550ca40d54ba7e531aa6",
            "content_sha512": "9cab4cc06bd8c56072644ed02b12d6f3d68cf35297aa399769a05f0038251be316655086b441cc31d3eae329e747bb1d498a49e8b09922be728c4706e88f8966",
            "directory_permission": "0777",
            "file_permission": "0755",
            "filename": "./../sandbox/init.sh",
            "id": "7b1abf560ede834eddc689720672f88564b5bb14",
            "sensitive_content": null,
            "source": null
          },
          "sensitive_attributes": []
        }
      ]
    },
    {
      "module": "module.environments[\"sandbox\"]",
      "mode": "managed",
      "type": "local_file",
      "name": "main-tf",
      "provider": "provider[\"registry.terraform.io/hashicorp/local\"]",
      "instances": [
        {
          "schema_version": 0,
          "attributes": {
            "content": "# The content of this file is managed by Terraform. If you modify it, it may\n# be reverted the next time Terraform runs. If you want to make changes, do it\n# in ../management/bootstrap/templates.\n\nmodule \"sandbox\" {\n  source        = \"../shared/modules/env\"\n  cf_space_name = \"sandbox\"\n}\n",
            "content_base64": null,
            "content_base64sha256": "hRG7y444yDM1p/8K6sDLRfiHKLyv0BAbYcXoltoUg7A=",
            "content_base64sha512": "+H+RDiyBqOZx/RG8xoGLs/t2N2E3/1axGtoFxSuKv/wD1J4isBFub3YZ/Jy3ZPOPrwgRSgE/AvHE7RBxSF8DyQ==",
            "content_md5": "7965041a4e20a835cc30244d222d6b99",
            "content_sha1": "9a2261fc6447c5dec15b042d4647b3684b8c3e0a",
            "content_sha256": "8511bbcb8e38c83335a7ff0aeac0cb45f88728bcafd0101b61c5e896da1483b0",
            "content_sha512": "f87f910e2c81a8e671fd11bcc6818bb3fb76376137ff56b11ada05c52b8abffc03d49e22b0116e6f7619fc9cb764f38faf08114a013f02f1c4ed1071485f03c9",
            "directory_permission": "0777",
            "file_permission": "0644",
            "filename": "./../sandbox/sandbox.tf-example",
            "id": "9a2261fc6447c5dec15b042d4647b3684b8c3e0a",
            "sensitive_content": null,
            "source": null
          },
          "sensitive_attributes": []
        }
      ]
    },
    {
      "module": "module.environments[\"sandbox\"]",
      "mode": "managed",
      "type": "local_file",
      "name": "plan_script",
      "provider": "provider[\"registry.terraform.io/hashicorp/local\"]",
      "instances": [
        {
          "schema_version": 0,
          "attributes": {
            "content": "#!/bin/bash\n# The content of this file is managed by Terraform. If you modify it, it may\n# be reverted the next time Terraform runs. If you want to make changes, do it\n# in ../management/bootstrap/templates.\n\nset -e\nterraform plan \\\n  -var-file=\"../shared/config/\"$(basename \"$(pwd)\")\".tfvars\" \\\n  -out \"$(basename \"$(pwd)\")\".tfplan\n",
            "content_base64": null,
            "content_base64sha256": "WVcv0eSG+0bX8YGrEXmSAqxvgCzbQLb0kHTi/nPLlRs=",
            "content_base64sha512": "/2TyRAmRAiS+nX5QyAVZmQ651HW7eaGeroY/0bE2RFhQqQNFXNDumvYr7dofr+h15/PHd5Bzc0tO7ZhfyG0TzA==",
            "content_md5": "1ec5fd19354dcb2cee6bd74987fc6a8e",
            "content_sha1": "1647963324199bc2e20182f2a0f4fe096ae7c240",
            "content_sha256": "59572fd1e486fb46d7f181ab11799202ac6f802cdb40b6f49074e2fe73cb951b",
            "content_sha512": "ff64f24409910224be9d7e50c80559990eb9d475bb79a19eae863fd1b136445850a903455cd0ee9af62bedda1fafe875e7f3c7779073734b4eed985fc86d13cc",
            "directory_permission": "0777",
            "file_permission": "0755",
            "filename": "./../sandbox/plan.sh",
            "id": "1647963324199bc2e20182f2a0f4fe096ae7c240",
            "sensitive_content": null,
            "source": null
          },
          "sensitive_attributes": []
        }
      ]
    },
    {
      "module": "module.environments[\"sandbox\"]",
      "mode": "managed",
      "type": "local_file",
      "name": "providers-tf",
      "provider": "provider[\"registry.terraform.io/hashicorp/local\"]",
      "instances": [
        {
          "schema_version": 0,
          "attributes": {
            "content": "# The content of this file is managed by Terraform. If you modify it, it may\n# be reverted the next time Terraform runs. If you want to make changes, do it\n# in ../management/bootstrap/templates.\n\nterraform {\n  required_version = \"~\u003e 1.0\"\n  required_providers {\n    azurerm = {\n      source = \"hashicorp/azurerm\"\n      version = \"\u003e=4.27.0\"\n    }\n  }\n\n  backend \"azurerm\" {\n    # The rest of the backend parameters must be supplied when you initialize:\n    #   terraform init --backend-config=../shared/config/backend.tfvars \\\n    #    --backend-config=key=terraform.tfstate.$(basename $(pwd))\n    # access_key           = \"abcdefghijklmnopqrstuvwxyz0123456789...\"  # Can also be set via `ARM_ACCESS_KEY` environment variable.\n    # storage_account_name = \"abcd1234\"                                 # Can be passed via `-backend-config=`\"storage_account_name=\u003cstorage account name\u003e\"` in the `init` command.\n    # container_name       = \"tfstate\"                                  # Can be passed via `-backend-config=`\"container_name=\u003ccontainer name\u003e\"` in the `init` command.\n    # key                  = \"prod.terraform.tfstate\"                   # Can be passed via `-backend-config=`\"key=\u003cblob key name\u003e\"` in the `init` command.\n    #\n    # For more info, see:\n    # https://developer.hashicorp.com/terraform/language/backend#partial-configuration\n    encrypt = \"true\"\n  }\n}\n\nprovider \"azurerm\" {\n  subscription_id = var.subscription_id\n}\n",
            "content_base64": null,
            "content_base64sha256": "Es1wxR6mBxuGLYgHzA6T1Y0AMqsajU+nrrQo3l7y+mU=",
            "content_base64sha512": "1TaQGxC2+VH4hzrRmuofN247gzb9KFmifT8YKHWjvR/HuIwBz6noTunDHyz0Oh5qx+6076qlXsQ7CK4/KzO9aA==",
            "content_md5": "f3e91196b61e80ab730de10031df3aaf",
            "content_sha1": "7903889a7f60a6d7b5d181f5c6dfec29e9031ac0",
            "content_sha256": "12cd70c51ea6071b862d8807cc0e93d58d0032ab1a8d4fa7aeb428de5ef2fa65",
            "content_sha512": "d536901b10b6f951f8873ad19aea1f376e3b8336fd2859a27d3f182875a3bd1fc7b88c01cfa9e84ee9c31f2cf43a1e6ac7eeb4efaaa55ec43b08ae3f2b33bd68",
            "directory_permission": "0777",
            "file_permission": "0644",
            "filename": "./../sandbox/providers-managed.tf",
            "id": "7903889a7f60a6d7b5d181f5c6dfec29e9031ac0",
            "sensitive_content": null,
            "source": null
          },
          "sensitive_attributes": []
        }
      ]
    },
    {
      "module": "module.environments[\"sandbox\"]",
      "mode": "managed",
      "type": "local_file",
      "name": "variables-tf",
      "provider": "provider[\"registry.terraform.io/hashicorp/local\"]",
      "instances": [
        {
          "schema_version": 0,
          "attributes": {
            "content": "# The content of this file is managed by Terraform. If you modify it, it may\n# be reverted the next time Terraform runs. If you want to make changes, do it\n# in ../management/bootstrap/templates.\n\nvariable \"subscription_id\" {\n  type        = string\n  description = \"secret; cloud.gov deployer account password\"\n  sensitive   = true\n}\n",
            "content_base64": null,
            "content_base64sha256": "DZXXTS+HfecqfQbTvbjIqY2Dcj0Eck6oso5RKFVrfcY=",
            "content_base64sha512": "JhTdiPE3ycEdBJ+txVWK3qp/r3ynCR9nupxih1mHEmXcLa93oAK/78tCHNNp/frJsVckZhg3V5Z5x5Hj7Zix7w==",
            "content_md5": "1bea1000fb723a68a01d0644be4a7cde",
            "content_sha1": "68ab3b51f2b2b9045cb5552e9c6e58a84d5dab98",
            "content_sha256": "0d95d74d2f877de72a7d06d3bdb8c8a98d83723d04724ea8b28e5128556b7dc6",
            "content_sha512": "2614dd88f137c9c11d049fadc5558adeaa7faf7ca7091f67ba9c628759871265dc2daf77a002bfefcb421cd369fdfac9b15724661837579679c791e3ed98b1ef",
            "directory_permission": "0777",
            "file_permission": "0644",
            "filename": "./../sandbox/variables-managed.tf",
            "id": "68ab3b51f2b2b9045cb5552e9c6e58a84d5dab98",
            "sensitive_content": null,
            "source": null
          },
          "sensitive_attributes": []
        }
      ]
    },
    {
      "module": "module.environments[\"staging\"]",
      "mode": "managed",
      "type": "local_file",
      "name": "initialization_script",
      "provider": "provider[\"registry.terraform.io/hashicorp/local\"]",
      "instances": [
        {
          "schema_version": 0,
          "attributes": {
            "content": "#!/bin/bash\n# The content of this file is managed by Terraform. If you modify it, it may\n# be reverted the next time Terraform runs. If you want to make changes, do it\n# in ../management/bootstrap/templates.\n\nset -e\nterraform init \\\n  --backend-config=../shared/config/backend.tfvars \\\n  --backend-config=key=terraform.tfstate.\"$(basename \"$(pwd)\")\"\n",
            "content_base64": null,
            "content_base64sha256": "d8QUXVpaeovu741AU1Tsy80TDQYtbVUMpA1Uun5TGqY=",
            "content_base64sha512": "nKtMwGvYxWByZE7QKxLW89aM81KXqjmXaaBfADglG+MWZVCGtEHMMdPq4ynnR7sdSYpJ6LCZIr5yjEcG6I+JZg==",
            "content_md5": "16c46966f2d5dadadda061c462908f07",
            "content_sha1": "7b1abf560ede834eddc689720672f88564b5bb14",
            "content_sha256": "77c4145d5a5a7a8beeef8d405354eccbcd130d062d6d550ca40d54ba7e531aa6",
            "content_sha512": "9cab4cc06bd8c56072644ed02b12d6f3d68cf35297aa399769a05f0038251be316655086b441cc31d3eae329e747bb1d498a49e8b09922be728c4706e88f8966",
            "directory_permission": "0777",
            "file_permission": "0755",
            "filename": "./../staging/init.sh",
            "id": "7b1abf560ede834eddc689720672f88564b5bb14",
            "sensitive_content": null,
            "source": null
          },
          "sensitive_attributes": []
        }
      ]
    },
    {
      "module": "module.environments[\"staging\"]",
      "mode": "managed",
      "type": "local_file",
      "name": "main-tf",
      "provider": "provider[\"registry.terraform.io/hashicorp/local\"]",
      "instances": [
        {
          "schema_version": 0,
          "attributes": {
            "content": "# The content of this file is managed by Terraform. If you modify it, it may\n# be reverted the next time Terraform runs. If you want to make changes, do it\n# in ../management/bootstrap/templates.\n\nmodule \"staging\" {\n  source        = \"../shared/modules/env\"\n  cf_space_name = \"staging\"\n}\n",
            "content_base64": null,
            "content_base64sha256": "rgVnLgWraSlqaypDVdnsJwTQpC3LM8oFvbeQP1aFOso=",
            "content_base64sha512": "xJJ8rf6KV5ibShTKr1npdItT6o7z84xm7FcgxrF07SkP7CuHyMVgzDJhYzQkSEthIgxHtPRk9maDrBmtG5ixPw==",
            "content_md5": "4f5bcb8c1945c70f09f213c1f162958d",
            "content_sha1": "c66363932b96e05f0de32f8e7ef9878e29544585",
            "content_sha256": "ae05672e05ab69296a6b2a4355d9ec2704d0a42dcb33ca05bdb7903f56853aca",
            "content_sha512": "c4927cadfe8a57989b4a14caaf59e9748b53ea8ef3f38c66ec5720c6b174ed290fec2b87c8c560cc3261633424484b61220c47b4f464f66683ac19ad1b98b13f",
            "directory_permission": "0777",
            "file_permission": "0644",
            "filename": "./../staging/staging.tf-example",
            "id": "c66363932b96e05f0de32f8e7ef9878e29544585",
            "sensitive_content": null,
            "source": null
          },
          "sensitive_attributes": []
        }
      ]
    },
    {
      "module": "module.environments[\"staging\"]",
      "mode": "managed",
      "type": "local_file",
      "name": "plan_script",
      "provider": "provider[\"registry.terraform.io/hashicorp/local\"]",
      "instances": [
        {
          "schema_version": 0,
          "attributes": {
            "content": "#!/bin/bash\n# The content of this file is managed by Terraform. If you modify it, it may\n# be reverted the next time Terraform runs. If you want to make changes, do it\n# in ../management/bootstrap/templates.\n\nset -e\nterraform plan \\\n  -var-file=\"../shared/config/\"$(basename \"$(pwd)\")\".tfvars\" \\\n  -out \"$(basename \"$(pwd)\")\".tfplan\n",
            "content_base64": null,
            "content_base64sha256": "WVcv0eSG+0bX8YGrEXmSAqxvgCzbQLb0kHTi/nPLlRs=",
            "content_base64sha512": "/2TyRAmRAiS+nX5QyAVZmQ651HW7eaGeroY/0bE2RFhQqQNFXNDumvYr7dofr+h15/PHd5Bzc0tO7ZhfyG0TzA==",
            "content_md5": "1ec5fd19354dcb2cee6bd74987fc6a8e",
            "content_sha1": "1647963324199bc2e20182f2a0f4fe096ae7c240",
            "content_sha256": "59572fd1e486fb46d7f181ab11799202ac6f802cdb40b6f49074e2fe73cb951b",
            "content_sha512": "ff64f24409910224be9d7e50c80559990eb9d475bb79a19eae863fd1b136445850a903455cd0ee9af62bedda1fafe875e7f3c7779073734b4eed985fc86d13cc",
            "directory_permission": "0777",
            "file_permission": "0755",
            "filename": "./../staging/plan.sh",
            "id": "1647963324199bc2e20182f2a0f4fe096ae7c240",
            "sensitive_content": null,
            "source": null
          },
          "sensitive_attributes": []
        }
      ]
    },
    {
      "module": "module.environments[\"staging\"]",
      "mode": "managed",
      "type": "local_file",
      "name": "providers-tf",
      "provider": "provider[\"registry.terraform.io/hashicorp/local\"]",
      "instances": [
        {
          "schema_version": 0,
          "attributes": {
            "content": "# The content of this file is managed by Terraform. If you modify it, it may\n# be reverted the next time Terraform runs. If you want to make changes, do it\n# in ../management/bootstrap/templates.\n\nterraform {\n  required_version = \"~\u003e 1.0\"\n  required_providers {\n    azurerm = {\n      source = \"hashicorp/azurerm\"\n      version = \"\u003e=4.27.0\"\n    }\n  }\n\n  backend \"azurerm\" {\n    # The rest of the backend parameters must be supplied when you initialize:\n    #   terraform init --backend-config=../shared/config/backend.tfvars \\\n    #    --backend-config=key=terraform.tfstate.$(basename $(pwd))\n    # access_key           = \"abcdefghijklmnopqrstuvwxyz0123456789...\"  # Can also be set via `ARM_ACCESS_KEY` environment variable.\n    # storage_account_name = \"abcd1234\"                                 # Can be passed via `-backend-config=`\"storage_account_name=\u003cstorage account name\u003e\"` in the `init` command.\n    # container_name       = \"tfstate\"                                  # Can be passed via `-backend-config=`\"container_name=\u003ccontainer name\u003e\"` in the `init` command.\n    # key                  = \"prod.terraform.tfstate\"                   # Can be passed via `-backend-config=`\"key=\u003cblob key name\u003e\"` in the `init` command.\n    #\n    # For more info, see:\n    # https://developer.hashicorp.com/terraform/language/backend#partial-configuration\n    encrypt = \"true\"\n  }\n}\n\nprovider \"azurerm\" {\n  subscription_id = var.subscription_id\n}\n",
            "content_base64": null,
            "content_base64sha256": "Es1wxR6mBxuGLYgHzA6T1Y0AMqsajU+nrrQo3l7y+mU=",
            "content_base64sha512": "1TaQGxC2+VH4hzrRmuofN247gzb9KFmifT8YKHWjvR/HuIwBz6noTunDHyz0Oh5qx+6076qlXsQ7CK4/KzO9aA==",
            "content_md5": "f3e91196b61e80ab730de10031df3aaf",
            "content_sha1": "7903889a7f60a6d7b5d181f5c6dfec29e9031ac0",
            "content_sha256": "12cd70c51ea6071b862d8807cc0e93d58d0032ab1a8d4fa7aeb428de5ef2fa65",
            "content_sha512": "d536901b10b6f951f8873ad19aea1f376e3b8336fd2859a27d3f182875a3bd1fc7b88c01cfa9e84ee9c31f2cf43a1e6ac7eeb4efaaa55ec43b08ae3f2b33bd68",
            "directory_permission": "0777",
            "file_permission": "0644",
            "filename": "./../staging/providers-managed.tf",
            "id": "7903889a7f60a6d7b5d181f5c6dfec29e9031ac0",
            "sensitive_content": null,
            "source": null
          },
          "sensitive_attributes": []
        }
      ]
    },
    {
      "module": "module.environments[\"staging\"]",
      "mode": "managed",
      "type": "local_file",
      "name": "variables-tf",
      "provider": "provider[\"registry.terraform.io/hashicorp/local\"]",
      "instances": [
        {
          "schema_version": 0,
          "attributes": {
            "content": "# The content of this file is managed by Terraform. If you modify it, it may\n# be reverted the next time Terraform runs. If you want to make changes, do it\n# in ../management/bootstrap/templates.\n\nvariable \"subscription_id\" {\n  type        = string\n  description = \"secret; cloud.gov deployer account password\"\n  sensitive   = true\n}\n",
            "content_base64": null,
            "content_base64sha256": "DZXXTS+HfecqfQbTvbjIqY2Dcj0Eck6oso5RKFVrfcY=",
            "content_base64sha512": "JhTdiPE3ycEdBJ+txVWK3qp/r3ynCR9nupxih1mHEmXcLa93oAK/78tCHNNp/frJsVckZhg3V5Z5x5Hj7Zix7w==",
            "content_md5": "1bea1000fb723a68a01d0644be4a7cde",
            "content_sha1": "68ab3b51f2b2b9045cb5552e9c6e58a84d5dab98",
            "content_sha256": "0d95d74d2f877de72a7d06d3bdb8c8a98d83723d04724ea8b28e5128556b7dc6",
            "content_sha512": "2614dd88f137c9c11d049fadc5558adeaa7faf7ca7091f67ba9c628759871265dc2daf77a002bfefcb421cd369fdfac9b15724661837579679c791e3ed98b1ef",
            "directory_permission": "0777",
            "file_permission": "0644",
            "filename": "./../staging/variables-managed.tf",
            "id": "68ab3b51f2b2b9045cb5552e9c6e58a84d5dab98",
            "sensitive_content": null,
            "source": null
          },
          "sensitive_attributes": []
        }
      ]
    }
  ],
  "check_results": null
}
